// !$*UTF8*$!
{
	archiveVersion = 1;
	classes = {
	};
	objectVersion = 55;
	objects = {

/* Begin PBXBuildFile section */
		40ED4A4B281B2B8E00EED0AC /* AppDelegate.swift in Sources */ = {isa = PBXBuildFile; fileRef = 40ED4A4A281B2B8E00EED0AC /* AppDelegate.swift */; };
		40ED4A4D281B2B8E00EED0AC /* SceneDelegate.swift in Sources */ = {isa = PBXBuildFile; fileRef = 40ED4A4C281B2B8E00EED0AC /* SceneDelegate.swift */; };
		40ED4A4F281B2B8E00EED0AC /* ViewController.swift in Sources */ = {isa = PBXBuildFile; fileRef = 40ED4A4E281B2B8E00EED0AC /* ViewController.swift */; };
		40ED4A52281B2B8E00EED0AC /* Main.storyboard in Resources */ = {isa = PBXBuildFile; fileRef = 40ED4A50281B2B8E00EED0AC /* Main.storyboard */; };
		40ED4A54281B2B9200EED0AC /* Assets.xcassets in Resources */ = {isa = PBXBuildFile; fileRef = 40ED4A53281B2B9200EED0AC /* Assets.xcassets */; };
		40ED4A57281B2B9200EED0AC /* LaunchScreen.storyboard in Resources */ = {isa = PBXBuildFile; fileRef = 40ED4A55281B2B9200EED0AC /* LaunchScreen.storyboard */; };
		40ED4A60281B809D00EED0AC /* Cells.swift in Sources */ = {isa = PBXBuildFile; fileRef = 40ED4A5F281B809D00EED0AC /* Cells.swift */; };
		40ED4A62281B80C200EED0AC /* NetworkImageView.swift in Sources */ = {isa = PBXBuildFile; fileRef = 40ED4A61281B80C200EED0AC /* NetworkImageView.swift */; };
		40ED4A64281B852100EED0AC /* Extentions.swift in Sources */ = {isa = PBXBuildFile; fileRef = 40ED4A63281B852100EED0AC /* Extentions.swift */; };
/* End PBXBuildFile section */

/* Begin PBXFileReference section */
		40ED4A47281B2B8E00EED0AC /* AnciarApp.app */ = {isa = PBXFileReference; explicitFileType = wrapper.application; includeInIndex = 0; path = AnciarApp.app; sourceTree = BUILT_PRODUCTS_DIR; };
		40ED4A4A281B2B8E00EED0AC /* AppDelegate.swift */ = {isa = PBXFileReference; lastKnownFileType = sourcecode.swift; path = AppDelegate.swift; sourceTree = "<group>"; };
		40ED4A4C281B2B8E00EED0AC /* SceneDelegate.swift */ = {isa = PBXFileReference; lastKnownFileType = sourcecode.swift; path = SceneDelegate.swift; sourceTree = "<group>"; };
		40ED4A4E281B2B8E00EED0AC /* ViewController.swift */ = {isa = PBXFileReference; lastKnownFileType = sourcecode.swift; path = ViewController.swift; sourceTree = "<group>"; };
		40ED4A51281B2B8E00EED0AC /* Base */ = {isa = PBXFileReference; lastKnownFileType = file.storyboard; name = Base; path = Base.lproj/Main.storyboard; sourceTree = "<group>"; };
		40ED4A53281B2B9200EED0AC /* Assets.xcassets */ = {isa = PBXFileReference; lastKnownFileType = folder.assetcatalog; path = Assets.xcassets; sourceTree = "<group>"; };
		40ED4A56281B2B9200EED0AC /* Base */ = {isa = PBXFileReference; lastKnownFileType = file.storyboard; name = Base; path = Base.lproj/LaunchScreen.storyboard; sourceTree = "<group>"; };
		40ED4A58281B2B9200EED0AC /* Info.plist */ = {isa = PBXFileReference; lastKnownFileType = text.plist.xml; path = Info.plist; sourceTree = "<group>"; };
		40ED4A5F281B809D00EED0AC /* Cells.swift */ = {isa = PBXFileReference; lastKnownFileType = sourcecode.swift; path = Cells.swift; sourceTree = "<group>"; };
		40ED4A61281B80C200EED0AC /* NetworkImageView.swift */ = {isa = PBXFileReference; lastKnownFileType = sourcecode.swift; path = NetworkImageView.swift; sourceTree = "<group>"; };
		40ED4A63281B852100EED0AC /* Extentions.swift */ = {isa = PBXFileReference; lastKnownFileType = sourcecode.swift; path = Extentions.swift; sourceTree = "<group>"; };
/* End PBXFileReference section */

/* Begin PBXFrameworksBuildPhase section */
		40ED4A44281B2B8D00EED0AC /* Frameworks */ = {
			isa = PBXFrameworksBuildPhase;
			buildActionMask = 2147483647;
			files = (
			);
			runOnlyForDeploymentPostprocessing = 0;
		};
/* End PBXFrameworksBuildPhase section */

/* Begin PBXGroup section */
		40ED4A3E281B2B8D00EED0AC = {
			isa = PBXGroup;
			children = (
				40ED4A49281B2B8E00EED0AC /* AnciarApp */,
				40ED4A48281B2B8E00EED0AC /* Products */,
			);
			sourceTree = "<group>";
		};
		40ED4A48281B2B8E00EED0AC /* Products */ = {
			isa = PBXGroup;
			children = (
				40ED4A47281B2B8E00EED0AC /* AnciarApp.app */,
			);
			name = Products;
			sourceTree = "<group>";
		};
		40ED4A49281B2B8E00EED0AC /* AnciarApp */ = {
			isa = PBXGroup;
			children = (
				40ED4A4A281B2B8E00EED0AC /* AppDelegate.swift */,
				40ED4A4C281B2B8E00EED0AC /* SceneDelegate.swift */,
				40ED4A4E281B2B8E00EED0AC /* ViewController.swift */,
				40ED4A63281B852100EED0AC /* Extentions.swift */,
				40ED4A5F281B809D00EED0AC /* Cells.swift */,
				40ED4A61281B80C200EED0AC /* NetworkImageView.swift */,
				40ED4A50281B2B8E00EED0AC /* Main.storyboard */,
				40ED4A53281B2B9200EED0AC /* Assets.xcassets */,
				40ED4A55281B2B9200EED0AC /* LaunchScreen.storyboard */,
				40ED4A58281B2B9200EED0AC /* Info.plist */,
			);
			path = AnciarApp;
			sourceTree = "<group>";
		};
/* End PBXGroup section */

/* Begin PBXNativeTarget section */
		40ED4A46281B2B8D00EED0AC /* AnciarApp */ = {
			isa = PBXNativeTarget;
			buildConfigurationList = 40ED4A5B281B2B9200EED0AC /* Build configuration list for PBXNativeTarget "AnciarApp" */;
			buildPhases = (
				40ED4A43281B2B8D00EED0AC /* Sources */,
				40ED4A44281B2B8D00EED0AC /* Frameworks */,
				40ED4A45281B2B8D00EED0AC /* Resources */,
			);
			buildRules = (
			);
			dependencies = (
			);
			name = AnciarApp;
			productName = AnciarApp;
			productReference = 40ED4A47281B2B8E00EED0AC /* AnciarApp.app */;
			productType = "com.apple.product-type.application";
		};
/* End PBXNativeTarget section */

/* Begin PBXProject section */
		40ED4A3F281B2B8D00EED0AC /* Project object */ = {
			isa = PBXProject;
			attributes = {
				BuildIndependentTargetsInParallel = 1;
				LastSwiftUpdateCheck = 1330;
				LastUpgradeCheck = 1330;
				TargetAttributes = {
					40ED4A46281B2B8D00EED0AC = {
						CreatedOnToolsVersion = 13.3;
					};
				};
			};
			buildConfigurationList = 40ED4A42281B2B8D00EED0AC /* Build configuration list for PBXProject "AnciarApp" */;
			compatibilityVersion = "Xcode 13.0";
			developmentRegion = en;
			hasScannedForEncodings = 0;
			knownRegions = (
				en,
				Base,
			);
			mainGroup = 40ED4A3E281B2B8D00EED0AC;
			productRefGroup = 40ED4A48281B2B8E00EED0AC /* Products */;
			projectDirPath = "";
			projectRoot = "";
			targets = (
				40ED4A46281B2B8D00EED0AC /* AnciarApp */,
			);
		};
/* End PBXProject section */

/* Begin PBXResourcesBuildPhase section */
		40ED4A45281B2B8D00EED0AC /* Resources */ = {
			isa = PBXResourcesBuildPhase;
			buildActionMask = 2147483647;
			files = (
				40ED4A57281B2B9200EED0AC /* LaunchScreen.storyboard in Resources */,
				40ED4A54281B2B9200EED0AC /* Assets.xcassets in Resources */,
				40ED4A52281B2B8E00EED0AC /* Main.storyboard in Resources */,
			);
			runOnlyForDeploymentPostprocessing = 0;
		};
/* End PBXResourcesBuildPhase section */

/* Begin PBXSourcesBuildPhase section */
		40ED4A43281B2B8D00EED0AC /* Sources */ = {
			isa = PBXSourcesBuildPhase;
			buildActionMask = 2147483647;
			files = (
				40ED4A4F281B2B8E00EED0AC /* ViewController.swift in Sources */,
				40ED4A62281B80C200EED0AC /* NetworkImageView.swift in Sources */,
				40ED4A64281B852100EED0AC /* Extentions.swift in Sources */,
				40ED4A60281B809D00EED0AC /* Cells.swift in Sources */,
				40ED4A4B281B2B8E00EED0AC /* AppDelegate.swift in Sources */,
				40ED4A4D281B2B8E00EED0AC /* SceneDelegate.swift in Sources */,
			);
			runOnlyForDeploymentPostprocessing = 0;
		};
/* End PBXSourcesBuildPhase section */

/* Begin PBXVariantGroup section */
		40ED4A50281B2B8E00EED0AC /* Main.storyboard */ = {
			isa = PBXVariantGroup;
			children = (
				40ED4A51281B2B8E00EED0AC /* Base */,
			);
			name = Main.storyboard;
			sourceTree = "<group>";
		};
		40ED4A55281B2B9200EED0AC /* LaunchScreen.storyboard */ = {
			isa = PBXVariantGroup;
			children = (
				40ED4A56281B2B9200EED0AC /* Base */,
			);
			name = LaunchScreen.storyboard;
			sourceTree = "<group>";
		};
/* End PBXVariantGroup section */

/* Begin XCBuildConfiguration section */
		40ED4A59281B2B9200EED0AC /* Debug */ = {
			isa = XCBuildConfiguration;
			buildSettings = {
				ALWAYS_SEARCH_USER_PATHS = NO;
				CLANG_ANALYZER_NONNULL = YES;
				CLANG_ANALYZER_NUMBER_OBJECT_CONVERSION = YES_AGGRESSIVE;
				CLANG_CXX_LANGUAGE_STANDARD = "gnu++17";
				CLANG_ENABLE_MODULES = YES;
				CLANG_ENABLE_OBJC_ARC = YES;
				CLANG_ENABLE_OBJC_WEAK = YES;
				CLANG_WARN_BLOCK_CAPTURE_AUTORELEASING = YES;
				CLANG_WARN_BOOL_CONVERSION = YES;
				CLANG_WARN_COMMA = YES;
				CLANG_WARN_CONSTANT_CONVERSION = YES;
				CLANG_WARN_DEPRECATED_OBJC_IMPLEMENTATIONS = YES;
				CLANG_WARN_DIRECT_OBJC_ISA_USAGE = YES_ERROR;
				CLANG_WARN_DOCUMENTATION_COMMENTS = YES;
				CLANG_WARN_EMPTY_BODY = YES;
				CLANG_WARN_ENUM_CONVERSION = YES;
				CLANG_WARN_INFINITE_RECURSION = YES;
				CLANG_WARN_INT_CONVERSION = YES;
				CLANG_WARN_NON_LITERAL_NULL_CONVERSION = YES;
				CLANG_WARN_OBJC_IMPLICIT_RETAIN_SELF = YES;
				CLANG_WARN_OBJC_LITERAL_CONVERSION = YES;
				CLANG_WARN_OBJC_ROOT_CLASS = YES_ERROR;
				CLANG_WARN_QUOTED_INCLUDE_IN_FRAMEWORK_HEADER = YES;
				CLANG_WARN_RANGE_LOOP_ANALYSIS = YES;
				CLANG_WARN_STRICT_PROTOTYPES = YES;
				CLANG_WARN_SUSPICIOUS_MOVE = YES;
				CLANG_WARN_UNGUARDED_AVAILABILITY = YES_AGGRESSIVE;
				CLANG_WARN_UNREACHABLE_CODE = YES;
				CLANG_WARN__DUPLICATE_METHOD_MATCH = YES;
				COPY_PHASE_STRIP = NO;
				DEBUG_INFORMATION_FORMAT = dwarf;
				ENABLE_STRICT_OBJC_MSGSEND = YES;
				ENABLE_TESTABILITY = YES;
				GCC_C_LANGUAGE_STANDARD = gnu11;
				GCC_DYNAMIC_NO_PIC = NO;
				GCC_NO_COMMON_BLOCKS = YES;
				GCC_OPTIMIZATION_LEVEL = 0;
				GCC_PREPROCESSOR_DEFINITIONS = (
					"DEBUG=1",
					"$(inherited)",
				);
				GCC_WARN_64_TO_32_BIT_CONVERSION = YES;
				GCC_WARN_ABOUT_RETURN_TYPE = YES_ERROR;
				GCC_WARN_UNDECLARED_SELECTOR = YES;
				GCC_WARN_UNINITIALIZED_AUTOS = YES_AGGRESSIVE;
				GCC_WARN_UNUSED_FUNCTION = YES;
				GCC_WARN_UNUSED_VARIABLE = YES;
				IPHONEOS_DEPLOYMENT_TARGET = 15.4;
				MTL_ENABLE_DEBUG_INFO = INCLUDE_SOURCE;
				MTL_FAST_MATH = YES;
				ONLY_ACTIVE_ARCH = YES;
				SDKROOT = iphoneos;
				SWIFT_ACTIVE_COMPILATION_CONDITIONS = DEBUG;
				SWIFT_OPTIMIZATION_LEVEL = "-Onone";
			};
			name = Debug;
		};
		40ED4A5A281B2B9200EED0AC /* Release */ = {
			isa = XCBuildConfiguration;
			buildSettings = {
				ALWAYS_SEARCH_USER_PATHS = NO;
				CLANG_ANALYZER_NONNULL = YES;
				CLANG_ANALYZER_NUMBER_OBJECT_CONVERSION = YES_AGGRESSIVE;
				CLANG_CXX_LANGUAGE_STANDARD = "gnu++17";
				CLANG_ENABLE_MODULES = YES;
				CLANG_ENABLE_OBJC_ARC = YES;
				CLANG_ENABLE_OBJC_WEAK = YES;
				CLANG_WARN_BLOCK_CAPTURE_AUTORELEASING = YES;
				CLANG_WARN_BOOL_CONVERSION = YES;
				CLANG_WARN_COMMA = YES;
				CLANG_WARN_CONSTANT_CONVERSION = YES;
				CLANG_WARN_DEPRECATED_OBJC_IMPLEMENTATIONS = YES;
				CLANG_WARN_DIRECT_OBJC_ISA_USAGE = YES_ERROR;
				CLANG_WARN_DOCUMENTATION_COMMENTS = YES;
				CLANG_WARN_EMPTY_BODY = YES;
				CLANG_WARN_ENUM_CONVERSION = YES;
				CLANG_WARN_INFINITE_RECURSION = YES;
				CLANG_WARN_INT_CONVERSION = YES;
				CLANG_WARN_NON_LITERAL_NULL_CONVERSION = YES;
				CLANG_WARN_OBJC_IMPLICIT_RETAIN_SELF = YES;
				CLANG_WARN_OBJC_LITERAL_CONVERSION = YES;
				CLANG_WARN_OBJC_ROOT_CLASS = YES_ERROR;
				CLANG_WARN_QUOTED_INCLUDE_IN_FRAMEWORK_HEADER = YES;
				CLANG_WARN_RANGE_LOOP_ANALYSIS = YES;
				CLANG_WARN_STRICT_PROTOTYPES = YES;
				CLANG_WARN_SUSPICIOUS_MOVE = YES;
				CLANG_WARN_UNGUARDED_AVAILABILITY = YES_AGGRESSIVE;
				CLANG_WARN_UNREACHABLE_CODE = YES;
				CLANG_WARN__DUPLICATE_METHOD_MATCH = YES;
				COPY_PHASE_STRIP = NO;
				DEBUG_INFORMATION_FORMAT = "dwarf-with-dsym";
				ENABLE_NS_ASSERTIONS = NO;
				ENABLE_STRICT_OBJC_MSGSEND = YES;
				GCC_C_LANGUAGE_STANDARD = gnu11;
				GCC_NO_COMMON_BLOCKS = YES;
				GCC_WARN_64_TO_32_BIT_CONVERSION = YES;
				GCC_WARN_ABOUT_RETURN_TYPE = YES_ERROR;
				GCC_WARN_UNDECLARED_SELECTOR = YES;
				GCC_WARN_UNINITIALIZED_AUTOS = YES_AGGRESSIVE;
				GCC_WARN_UNUSED_FUNCTION = YES;
				GCC_WARN_UNUSED_VARIABLE = YES;
				IPHONEOS_DEPLOYMENT_TARGET = 15.4;
				MTL_ENABLE_DEBUG_INFO = NO;
				MTL_FAST_MATH = YES;
				SDKROOT = iphoneos;
				SWIFT_COMPILATION_MODE = wholemodule;
				SWIFT_OPTIMIZATION_LEVEL = "-O";
				VALIDATE_PRODUCT = YES;
			};
			name = Release;
		};
		40ED4A5C281B2B9200EED0AC /* Debug */ = {
			isa = XCBuildConfiguration;
			buildSettings = {
				ASSETCATALOG_COMPILER_APPICON_NAME = AppIcon;
				ASSETCATALOG_COMPILER_GLOBAL_ACCENT_COLOR_NAME = AccentColor;
				CODE_SIGN_STYLE = Automatic;
				CURRENT_PROJECT_VERSION = 1;
				GENERATE_INFOPLIST_FILE = YES;
				INFOPLIST_FILE = AnciarApp/Info.plist;
				INFOPLIST_KEY_UIApplicationSupportsIndirectInputEvents = YES;
				INFOPLIST_KEY_UILaunchStoryboardName = LaunchScreen;
				INFOPLIST_KEY_UIMainStoryboardFile = Main;
				INFOPLIST_KEY_UISupportedInterfaceOrientations = UIInterfaceOrientationPortrait;
				INFOPLIST_KEY_UISupportedInterfaceOrientations_iPad = "UIInterfaceOrientationPortrait UIInterfaceOrientationPortraitUpsideDown UIInterfaceOrientationLandscapeLeft UIInterfaceOrientationLandscapeRight";
				INFOPLIST_KEY_UISupportedInterfaceOrientations_iPhone = "UIInterfaceOrientationPortrait UIInterfaceOrientationLandscapeLeft UIInterfaceOrientationLandscapeRight";
				IPHONEOS_DEPLOYMENT_TARGET = 14.0;
				LD_RUNPATH_SEARCH_PATHS = (
					"$(inherited)",
					"@executable_path/Frameworks",
				);
				MARKETING_VERSION = 1.0;
				PRODUCT_BUNDLE_IDENTIFIER = test.AnciarApp;
				PRODUCT_NAME = "$(TARGET_NAME)";
				SWIFT_EMIT_LOC_STRINGS = YES;
				SWIFT_VERSION = 5.0;
				TARGETED_DEVICE_FAMILY = 1;
			};
			name = Debug;
		};
		40ED4A5D281B2B9200EED0AC /* Release */ = {
			isa = XCBuildConfiguration;
			buildSettings = {
				ASSETCATALOG_COMPILER_APPICON_NAME = AppIcon;
				ASSETCATALOG_COMPILER_GLOBAL_ACCENT_COLOR_NAME = AccentColor;
				CODE_SIGN_STYLE = Automatic;
				CURRENT_PROJECT_VERSION = 1;
				GENERATE_INFOPLIST_FILE = YES;
				INFOPLIST_FILE = AnciarApp/Info.plist;
				INFOPLIST_KEY_UIApplicationSupportsIndirectInputEvents = YES;
				INFOPLIST_KEY_UILaunchStoryboardName = LaunchScreen;
				INFOPLIST_KEY_UIMainStoryboardFile = Main;
				INFOPLIST_KEY_UISupportedInterfaceOrientations = UIInterfaceOrientationPortrait;
				INFOPLIST_KEY_UISupportedInterfaceOrientations_iPad = "UIInterfaceOrientationPortrait UIInterfaceOrientationPortraitUpsideDown UIInterfaceOrientationLandscapeLeft UIInterfaceOrientationLandscapeRight";
				INFOPLIST_KEY_UISupportedInterfaceOrientations_iPhone = "UIInterfaceOrientationPortrait UIInterfaceOrientationLandscapeLeft UIInterfaceOrientationLandscapeRight";
				IPHONEOS_DEPLOYMENT_TARGET = 14.0;
				LD_RUNPATH_SEARCH_PATHS = (
					"$(inherited)",
					"@executable_path/Frameworks",
				);
				MARKETING_VERSION = 1.0;
				PRODUCT_BUNDLE_IDENTIFIER = test.AnciarApp;
				PRODUCT_NAME = "$(TARGET_NAME)";
				SWIFT_EMIT_LOC_STRINGS = YES;
				SWIFT_VERSION = 5.0;
				TARGETED_DEVICE_FAMILY = 1;
			};
			name = Release;
		};
/* End XCBuildConfiguration section */

/* Begin XCConfigurationList section */
		40ED4A42281B2B8D00EED0AC /* Build configuration list for PBXProject "AnciarApp" */ = {
			isa = XCConfigurationList;
			buildConfigurations = (
				40ED4A59281B2B9200EED0AC /* Debug */,
				40ED4A5A281B2B9200EED0AC /* Release */,
			);
			defaultConfigurationIsVisible = 0;
			defaultConfigurationName = Release;
		};
		40ED4A5B281B2B9200EED0AC /* Build configuration list for PBXNativeTarget "AnciarApp" */ = {
			isa = XCConfigurationList;
			buildConfigurations = (
				40ED4A5C281B2B9200EED0AC /* Debug */,
				40ED4A5D281B2B9200EED0AC /* Release */,
			);
			defaultConfigurationIsVisible = 0;
			defaultConfigurationName = Release;
		};
/* End XCConfigurationList section */
	};
	rootObject = 40ED4A3F281B2B8D00EED0AC /* Project object */;
}
